
Microsoft Visual Studio Solution File, Format Version 12.00
# Visual Studio Version 17
VisualStudioVersion = 17.13.35806.99 d17.13
MinimumVisualStudioVersion = 10.0.40219.1
Project("{FAE04EC0-301F-11D3-BF4B-00C04F79EFBC}") = "beratech", "beratech\beratech.csproj", "{C7A38619-4FEC-4572-8373-15A6506A9158}"
EndProject
Global
	GlobalSection(SolutionConfigurationPlatforms) = preSolution
		Debug|Any CPU = Debug|Any CPU
		Release|Any CPU = Release|Any CPU
	EndGlobalSection
	GlobalSection(ProjectConfigurationPlatforms) = postSolution
		{C7A38619-4FEC-4572-8373-15A6506A9158}.Debug|Any CPU.ActiveCfg = Debug|Any CPU
		{C7A38619-4FEC-4572-8373-15A6506A9158}.Debug|Any CPU.Build.0 = Debug|Any CPU
		{C7A38619-4FEC-4572-8373-15A6506A9158}.Release|Any CPU.ActiveCfg = Release|Any CPU
		{C7A38619-4FEC-4572-8373-15A6506A9158}.Release|Any CPU.Build.0 = Release|Any CPU
	EndGlobalSection
	GlobalSection(SolutionProperties) = preSolution
		HideSolutionNode = FALSE
	EndGlobalSection
	GlobalSection(ExtensibilityGlobals) = postSolution
		SolutionGuid = {380A490F-9470-4307-A6A5-46E22402857E}
	EndGlobalSection
EndGlobal
